
Microsoft Visual Studio Solution File, Format Version 12.00
# Visual Studio Version 17
VisualStudioVersion = 17.7.34018.315
MinimumVisualStudioVersion = 10.0.40219.1
Project("{9A19103F-16F7-4668-BE54-9A1E7A4F7556}") = "MealOrdering.Server", "MealOrdering\Server\MealOrdering.Server.csproj", "{CECDBEDF-C3E7-4858-810A-E690F7CF7F9E}"
EndProject
Project("{9A19103F-16F7-4668-BE54-9A1E7A4F7556}") = "MealOrdering.Client", "MealOrdering\Client\MealOrdering.Client.csproj", "{9A20AABB-48E1-4EE6-A2EC-72B2802FDDF0}"
EndProject
Project("{9A19103F-16F7-4668-BE54-9A1E7A4F7556}") = "MealOrdering.Shared", "MealOrdering\Shared\MealOrdering.Shared.csproj", "{3B4F3D7C-A216-40D3-8D9A-48C64B3937A5}"
EndProject
Global
	GlobalSection(SolutionConfigurationPlatforms) = preSolution
		Debug|Any CPU = Debug|Any CPU
		Release|Any CPU = Release|Any CPU
	EndGlobalSection
	GlobalSection(ProjectConfigurationPlatforms) = postSolution
		{CECDBEDF-C3E7-4858-810A-E690F7CF7F9E}.Debug|Any CPU.ActiveCfg = Debug|Any CPU
		{CECDBEDF-C3E7-4858-810A-E690F7CF7F9E}.Debug|Any CPU.Build.0 = Debug|Any CPU
		{CECDBEDF-C3E7-4858-810A-E690F7CF7F9E}.Release|Any CPU.ActiveCfg = Release|Any CPU
		{CECDBEDF-C3E7-4858-810A-E690F7CF7F9E}.Release|Any CPU.Build.0 = Release|Any CPU
		{9A20AABB-48E1-4EE6-A2EC-72B2802FDDF0}.Debug|Any CPU.ActiveCfg = Debug|Any CPU
		{9A20AABB-48E1-4EE6-A2EC-72B2802FDDF0}.Debug|Any CPU.Build.0 = Debug|Any CPU
		{9A20AABB-48E1-4EE6-A2EC-72B2802FDDF0}.Release|Any CPU.ActiveCfg = Release|Any CPU
		{9A20AABB-48E1-4EE6-A2EC-72B2802FDDF0}.Release|Any CPU.Build.0 = Release|Any CPU
		{3B4F3D7C-A216-40D3-8D9A-48C64B3937A5}.Debug|Any CPU.ActiveCfg = Debug|Any CPU
		{3B4F3D7C-A216-40D3-8D9A-48C64B3937A5}.Debug|Any CPU.Build.0 = Debug|Any CPU
		{3B4F3D7C-A216-40D3-8D9A-48C64B3937A5}.Release|Any CPU.ActiveCfg = Release|Any CPU
		{3B4F3D7C-A216-40D3-8D9A-48C64B3937A5}.Release|Any CPU.Build.0 = Release|Any CPU
	EndGlobalSection
	GlobalSection(SolutionProperties) = preSolution
		HideSolutionNode = FALSE
	EndGlobalSection
	GlobalSection(ExtensibilityGlobals) = postSolution
		SolutionGuid = {0B6E4342-4C21-42A2-822F-19EEABC2ED81}
	EndGlobalSection
EndGlobal
